
Microsoft Visual Studio Solution File, Format Version 12.00
Project("{FAE04EC0-301F-11D3-BF4B-00C04F79EFBC}") = "OpenVRWrapper", "OpenVRWrapper.csproj", "{4AB93FA9-919A-4D01-872F-1D4471CEA05E}"
EndProject
Global
	GlobalSection(SolutionConfigurationPlatforms) = preSolution
		Debug|Any CPU = Debug|Any CPU
		Release|Any CPU = Release|Any CPU
	EndGlobalSection
	GlobalSection(ProjectConfigurationPlatforms) = postSolution
		{4AB93FA9-919A-4D01-872F-1D4471CEA05E}.Debug|Any CPU.ActiveCfg = Debug|Any CPU
		{4AB93FA9-919A-4D01-872F-1D4471CEA05E}.Debug|Any CPU.Build.0 = Debug|Any CPU
		{4AB93FA9-919A-4D01-872F-1D4471CEA05E}.Release|Any CPU.ActiveCfg = Release|Any CPU
		{4AB93FA9-919A-4D01-872F-1D4471CEA05E}.Release|Any CPU.Build.0 = Release|Any CPU
	EndGlobalSection
EndGlobal
